
Microsoft Visual Studio Solution File, Format Version 12.00
# Visual Studio Version 17
VisualStudioVersion = 17.0.31903.59
MinimumVisualStudioVersion = 10.0.40219.1
Project("{FAE04EC0-301F-11D3-BF4B-00C04F79EFBC}") = "Authentication", "Authentication\Authentication.csproj", "{D3919149-F87D-48A5-A1D8-842BA4A62572}"
EndProject
Project("{FAE04EC0-301F-11D3-BF4B-00C04F79EFBC}") = "Products", "Products\Products.csproj", "{26AFDE10-B567-4653-81A7-7D11A1BBB385}"
EndProject
Project("{FAE04EC0-301F-11D3-BF4B-00C04F79EFBC}") = "Common", "Common\Common.csproj", "{0CCD1804-A72B-4DE2-A414-8C8FAE60BA5C}"
EndProject
Global
	GlobalSection(SolutionConfigurationPlatforms) = preSolution
		Debug|Any CPU = Debug|Any CPU
		Debug|x64 = Debug|x64
		Debug|x86 = Debug|x86
		Release|Any CPU = Release|Any CPU
		Release|x64 = Release|x64
		Release|x86 = Release|x86
	EndGlobalSection
	GlobalSection(ProjectConfigurationPlatforms) = postSolution
		{D3919149-F87D-48A5-A1D8-842BA4A62572}.Debug|Any CPU.ActiveCfg = Debug|Any CPU
		{D3919149-F87D-48A5-A1D8-842BA4A62572}.Debug|Any CPU.Build.0 = Debug|Any CPU
		{D3919149-F87D-48A5-A1D8-842BA4A62572}.Debug|x64.ActiveCfg = Debug|Any CPU
		{D3919149-F87D-48A5-A1D8-842BA4A62572}.Debug|x64.Build.0 = Debug|Any CPU
		{D3919149-F87D-48A5-A1D8-842BA4A62572}.Debug|x86.ActiveCfg = Debug|Any CPU
		{D3919149-F87D-48A5-A1D8-842BA4A62572}.Debug|x86.Build.0 = Debug|Any CPU
		{D3919149-F87D-48A5-A1D8-842BA4A62572}.Release|Any CPU.ActiveCfg = Release|Any CPU
		{D3919149-F87D-48A5-A1D8-842BA4A62572}.Release|Any CPU.Build.0 = Release|Any CPU
		{D3919149-F87D-48A5-A1D8-842BA4A62572}.Release|x64.ActiveCfg = Release|Any CPU
		{D3919149-F87D-48A5-A1D8-842BA4A62572}.Release|x64.Build.0 = Release|Any CPU
		{D3919149-F87D-48A5-A1D8-842BA4A62572}.Release|x86.ActiveCfg = Release|Any CPU
		{D3919149-F87D-48A5-A1D8-842BA4A62572}.Release|x86.Build.0 = Release|Any CPU
		{26AFDE10-B567-4653-81A7-7D11A1BBB385}.Debug|Any CPU.ActiveCfg = Debug|Any CPU
		{26AFDE10-B567-4653-81A7-7D11A1BBB385}.Debug|Any CPU.Build.0 = Debug|Any CPU
		{26AFDE10-B567-4653-81A7-7D11A1BBB385}.Debug|x64.ActiveCfg = Debug|Any CPU
		{26AFDE10-B567-4653-81A7-7D11A1BBB385}.Debug|x64.Build.0 = Debug|Any CPU
		{26AFDE10-B567-4653-81A7-7D11A1BBB385}.Debug|x86.ActiveCfg = Debug|Any CPU
		{26AFDE10-B567-4653-81A7-7D11A1BBB385}.Debug|x86.Build.0 = Debug|Any CPU
		{26AFDE10-B567-4653-81A7-7D11A1BBB385}.Release|Any CPU.ActiveCfg = Release|Any CPU
		{26AFDE10-B567-4653-81A7-7D11A1BBB385}.Release|Any CPU.Build.0 = Release|Any CPU
		{26AFDE10-B567-4653-81A7-7D11A1BBB385}.Release|x64.ActiveCfg = Release|Any CPU
		{26AFDE10-B567-4653-81A7-7D11A1BBB385}.Release|x64.Build.0 = Release|Any CPU
		{26AFDE10-B567-4653-81A7-7D11A1BBB385}.Release|x86.ActiveCfg = Release|Any CPU
		{26AFDE10-B567-4653-81A7-7D11A1BBB385}.Release|x86.Build.0 = Release|Any CPU
		{0CCD1804-A72B-4DE2-A414-8C8FAE60BA5C}.Debug|Any CPU.ActiveCfg = Debug|Any CPU
		{0CCD1804-A72B-4DE2-A414-8C8FAE60BA5C}.Debug|Any CPU.Build.0 = Debug|Any CPU
		{0CCD1804-A72B-4DE2-A414-8C8FAE60BA5C}.Debug|x64.ActiveCfg = Debug|Any CPU
		{0CCD1804-A72B-4DE2-A414-8C8FAE60BA5C}.Debug|x64.Build.0 = Debug|Any CPU
		{0CCD1804-A72B-4DE2-A414-8C8FAE60BA5C}.Debug|x86.ActiveCfg = Debug|Any CPU
		{0CCD1804-A72B-4DE2-A414-8C8FAE60BA5C}.Debug|x86.Build.0 = Debug|Any CPU
		{0CCD1804-A72B-4DE2-A414-8C8FAE60BA5C}.Release|Any CPU.ActiveCfg = Release|Any CPU
		{0CCD1804-A72B-4DE2-A414-8C8FAE60BA5C}.Release|Any CPU.Build.0 = Release|Any CPU
		{0CCD1804-A72B-4DE2-A414-8C8FAE60BA5C}.Release|x64.ActiveCfg = Release|Any CPU
		{0CCD1804-A72B-4DE2-A414-8C8FAE60BA5C}.Release|x64.Build.0 = Release|Any CPU
		{0CCD1804-A72B-4DE2-A414-8C8FAE60BA5C}.Release|x86.ActiveCfg = Release|Any CPU
		{0CCD1804-A72B-4DE2-A414-8C8FAE60BA5C}.Release|x86.Build.0 = Release|Any CPU
	EndGlobalSection
	GlobalSection(SolutionProperties) = preSolution
		HideSolutionNode = FALSE
	EndGlobalSection
EndGlobal
